
Microsoft Visual Studio Solution File, Format Version 12.00
# Visual Studio 15
VisualStudioVersion = 15.0.27130.2026
MinimumVisualStudioVersion = 10.0.40219.1
Project("{FAE04EC0-301F-11D3-BF4B-00C04F79EFBC}") = "arkanoid", "arkanoid\arkanoid.csproj", "{4C57A351-0EB0-4CC7-BD09-E51C9DC92F57}"
EndProject
Global
	GlobalSection(SolutionConfigurationPlatforms) = preSolution
		Debug|Any CPU = Debug|Any CPU
		Release|Any CPU = Release|Any CPU
	EndGlobalSection
	GlobalSection(ProjectConfigurationPlatforms) = postSolution
		{4C57A351-0EB0-4CC7-BD09-E51C9DC92F57}.Debug|Any CPU.ActiveCfg = Debug|Any CPU
		{4C57A351-0EB0-4CC7-BD09-E51C9DC92F57}.Debug|Any CPU.Build.0 = Debug|Any CPU
		{4C57A351-0EB0-4CC7-BD09-E51C9DC92F57}.Release|Any CPU.ActiveCfg = Release|Any CPU
		{4C57A351-0EB0-4CC7-BD09-E51C9DC92F57}.Release|Any CPU.Build.0 = Release|Any CPU
	EndGlobalSection
	GlobalSection(SolutionProperties) = preSolution
		HideSolutionNode = FALSE
	EndGlobalSection
	GlobalSection(ExtensibilityGlobals) = postSolution
		SolutionGuid = {40A6B27E-B63D-41C1-82FC-0FA81A4E95B2}
	EndGlobalSection
EndGlobal
